{
  "name": "myou-engine",
  "version": "0.5.2",
  "lockfileVersion": 1,
  "requires": true,
  "dependencies": {
    "@jridgewell/gen-mapping": {
      "version": "0.3.2",
      "resolved": "https://registry.npmjs.org/@jridgewell/gen-mapping/-/gen-mapping-0.3.2.tgz",
      "integrity": "sha512-mh65xKQAzI6iBcFzwv28KVWSmCkdRBWoOh+bYQGW3+6OZvbbN3TqMGo5hqYxQniRcH9F2VZIoJCm4pa3BPDK/A==",
      "dev": true,
      "requires": {
        "@jridgewell/set-array": "^1.0.1",
        "@jridgewell/sourcemap-codec": "^1.4.10",
        "@jridgewell/trace-mapping": "^0.3.9"
      }
    },
    "@jridgewell/resolve-uri": {
      "version": "3.1.0",
      "resolved": "https://registry.npmjs.org/@jridgewell/resolve-uri/-/resolve-uri-3.1.0.tgz",
      "integrity": "sha512-F2msla3tad+Mfht5cJq7LSXcdudKTWCVYUgw6pLFOOHSTtZlj6SWNYAp+AhuqLmWdBO2X5hPrLcu8cVP8fy28w==",
      "dev": true
    },
    "@jridgewell/set-array": {
      "version": "1.1.2",
      "resolved": "https://registry.npmjs.org/@jridgewell/set-array/-/set-array-1.1.2.tgz",
      "integrity": "sha512-xnkseuNADM0gt2bs+BvhO0p78Mk762YnZdsuzFV018NoG1Sj1SCQvpSqa7XUaTam5vAGasABV9qXASMKnFMwMw==",
      "dev": true
    },
    "@jridgewell/source-map": {
      "version": "0.3.2",
      "resolved": "https://registry.npmjs.org/@jridgewell/source-map/-/source-map-0.3.2.tgz",
      "integrity": "sha512-m7O9o2uR8k2ObDysZYzdfhb08VuEml5oWGiosa1VdaPZ/A6QyPkAJuwN0Q1lhULOf6B7MtQmHENS743hWtCrgw==",
      "dev": true,
      "requires": {
        "@jridgewell/gen-mapping": "^0.3.0",
        "@jridgewell/trace-mapping": "^0.3.9"
      }
    },
    "@jridgewell/sourcemap-codec": {
      "version": "1.4.14",
      "resolved": "https://registry.npmjs.org/@jridgewell/sourcemap-codec/-/sourcemap-codec-1.4.14.tgz",
      "integrity": "sha512-XPSJHWmi394fuUuzDnGz1wiKqWfo1yXecHQMRf2l6hztTO+nPru658AyDngaBe7isIxEkRsPR3FZh+s7iVa4Uw==",
      "dev": true
    },
    "@jridgewell/trace-mapping": {
      "version": "0.3.17",
      "resolved": "https://registry.npmjs.org/@jridgewell/trace-mapping/-/trace-mapping-0.3.17.tgz",
      "integrity": "sha512-MCNzAp77qzKca9+W/+I0+sEpaUnZoeasnghNeVc41VZCEKaCH73Vq3BZZ/SzWIgrqE4H4ceI+p+b6C0mHf9T4g==",
      "dev": true,
      "requires": {
        "@jridgewell/resolve-uri": "3.1.0",
        "@jridgewell/sourcemap-codec": "1.4.14"
      }
    },
    "@types/eslint": {
      "version": "8.4.10",
      "resolved": "https://registry.npmjs.org/@types/eslint/-/eslint-8.4.10.tgz",
      "integrity": "sha512-Sl/HOqN8NKPmhWo2VBEPm0nvHnu2LL3v9vKo8MEq0EtbJ4eVzGPl41VNPvn5E1i5poMk4/XD8UriLHpJvEP/Nw==",
      "dev": true,
      "requires": {
        "@types/estree": "*",
        "@types/json-schema": "*"
      }
    },
    "@types/eslint-scope": {
      "version": "3.7.4",
      "resolved": "https://registry.npmjs.org/@types/eslint-scope/-/eslint-scope-3.7.4.tgz",
      "integrity": "sha512-9K4zoImiZc3HlIp6AVUDE4CWYx22a+lhSZMYNpbjW04+YF0KWj4pJXnEMjdnFTiQibFFmElcsasJXDbdI/EPhA==",
      "dev": true,
      "requires": {
        "@types/eslint": "*",
        "@types/estree": "*"
      }
    },
    "@types/estree": {
      "version": "0.0.51",
      "resolved": "https://registry.npmjs.org/@types/estree/-/estree-0.0.51.tgz",
      "integrity": "sha512-CuPgU6f3eT/XgKKPqKd/gLZV1Xmvf1a2R5POBOGQa6uv82xpls89HU5zKeVoyR8XzHd1RGNOlQlvUe3CFkjWNQ==",
      "dev": true
    },
    "@types/json-schema": {
      "version": "7.0.11",
      "resolved": "https://registry.npmjs.org/@types/json-schema/-/json-schema-7.0.11.tgz",
      "integrity": "sha512-wOuvG1SN4Us4rez+tylwwwCV1psiNVOkJeM3AUWUNWg/jDQY2+HE/444y5gc+jBmRqASOm2Oeh5c1axHobwRKQ==",
      "dev": true
    },
    "@types/node": {
      "version": "18.11.18",
      "resolved": "https://registry.npmjs.org/@types/node/-/node-18.11.18.tgz",
      "integrity": "sha512-DHQpWGjyQKSHj3ebjFI/wRKcqQcdR+MoFBygntYOZytCqNfkd2ZC4ARDJ2DQqhjH5p85Nnd3jhUJIXrszFX/JA==",
      "dev": true
    },
    "@webassemblyjs/ast": {
      "version": "1.11.1",
      "resolved": "https://registry.npmjs.org/@webassemblyjs/ast/-/ast-1.11.1.tgz",
      "integrity": "sha512-ukBh14qFLjxTQNTXocdyksN5QdM28S1CxHt2rdskFyL+xFV7VremuBLVbmCePj+URalXBENx/9Lm7lnhihtCSw==",
      "dev": true,
      "requires": {
        "@webassemblyjs/helper-numbers": "1.11.1",
        "@webassemblyjs/helper-wasm-bytecode": "1.11.1"
      }
    },
    "@webassemblyjs/floating-point-hex-parser": {
      "version": "1.11.1",
      "resolved": "https://registry.npmjs.org/@webassemblyjs/floating-point-hex-parser/-/floating-point-hex-parser-1.11.1.tgz",
      "integrity": "sha512-iGRfyc5Bq+NnNuX8b5hwBrRjzf0ocrJPI6GWFodBFzmFnyvrQ83SHKhmilCU/8Jv67i4GJZBMhEzltxzcNagtQ==",
      "dev": true
    },
    "@webassemblyjs/helper-api-error": {
      "version": "1.11.1",
      "resolved": "https://registry.npmjs.org/@webassemblyjs/helper-api-error/-/helper-api-error-1.11.1.tgz",
      "integrity": "sha512-RlhS8CBCXfRUR/cwo2ho9bkheSXG0+NwooXcc3PAILALf2QLdFyj7KGsKRbVc95hZnhnERon4kW/D3SZpp6Tcg==",
      "dev": true
    },
    "@webassemblyjs/helper-buffer": {
      "version": "1.11.1",
      "resolved": "https://registry.npmjs.org/@webassemblyjs/helper-buffer/-/helper-buffer-1.11.1.tgz",
      "integrity": "sha512-gwikF65aDNeeXa8JxXa2BAk+REjSyhrNC9ZwdT0f8jc4dQQeDQ7G4m0f2QCLPJiMTTO6wfDmRmj/pW0PsUvIcA==",
      "dev": true
    },
    "@webassemblyjs/helper-numbers": {
      "version": "1.11.1",
      "resolved": "https://registry.npmjs.org/@webassemblyjs/helper-numbers/-/helper-numbers-1.11.1.tgz",
      "integrity": "sha512-vDkbxiB8zfnPdNK9Rajcey5C0w+QJugEglN0of+kmO8l7lDb77AnlKYQF7aarZuCrv+l0UvqL+68gSDr3k9LPQ==",
      "dev": true,
      "requires": {
        "@webassemblyjs/floating-point-hex-parser": "1.11.1",
        "@webassemblyjs/helper-api-error": "1.11.1",
        "@xtuc/long": "4.2.2"
      }
    },
    "@webassemblyjs/helper-wasm-bytecode": {
      "version": "1.11.1",
      "resolved": "https://registry.npmjs.org/@webassemblyjs/helper-wasm-bytecode/-/helper-wasm-bytecode-1.11.1.tgz",
      "integrity": "sha512-PvpoOGiJwXeTrSf/qfudJhwlvDQxFgelbMqtq52WWiXC6Xgg1IREdngmPN3bs4RoO83PnL/nFrxucXj1+BX62Q==",
      "dev": true
    },
    "@webassemblyjs/helper-wasm-section": {
      "version": "1.11.1",
      "resolved": "https://registry.npmjs.org/@webassemblyjs/helper-wasm-section/-/helper-wasm-section-1.11.1.tgz",
      "integrity": "sha512-10P9No29rYX1j7F3EVPX3JvGPQPae+AomuSTPiF9eBQeChHI6iqjMIwR9JmOJXwpnn/oVGDk7I5IlskuMwU/pg==",
      "dev": true,
      "requires": {
        "@webassemblyjs/ast": "1.11.1",
        "@webassemblyjs/helper-buffer": "1.11.1",
        "@webassemblyjs/helper-wasm-bytecode": "1.11.1",
        "@webassemblyjs/wasm-gen": "1.11.1"
      }
    },
    "@webassemblyjs/ieee754": {
      "version": "1.11.1",
      "resolved": "https://registry.npmjs.org/@webassemblyjs/ieee754/-/ieee754-1.11.1.tgz",
      "integrity": "sha512-hJ87QIPtAMKbFq6CGTkZYJivEwZDbQUgYd3qKSadTNOhVY7p+gfP6Sr0lLRVTaG1JjFj+r3YchoqRYxNH3M0GQ==",
      "dev": true,
      "requires": {
        "@xtuc/ieee754": "^1.2.0"
      }
    },
    "@webassemblyjs/leb128": {
      "version": "1.11.1",
      "resolved": "https://registry.npmjs.org/@webassemblyjs/leb128/-/leb128-1.11.1.tgz",
      "integrity": "sha512-BJ2P0hNZ0u+Th1YZXJpzW6miwqQUGcIHT1G/sf72gLVD9DZ5AdYTqPNbHZh6K1M5VmKvFXwGSWZADz+qBWxeRw==",
      "dev": true,
      "requires": {
        "@xtuc/long": "4.2.2"
      }
    },
    "@webassemblyjs/utf8": {
      "version": "1.11.1",
      "resolved": "https://registry.npmjs.org/@webassemblyjs/utf8/-/utf8-1.11.1.tgz",
      "integrity": "sha512-9kqcxAEdMhiwQkHpkNiorZzqpGrodQQ2IGrHHxCy+Ozng0ofyMA0lTqiLkVs1uzTRejX+/O0EOT7KxqVPuXosQ==",
      "dev": true
    },
    "@webassemblyjs/wasm-edit": {
      "version": "1.11.1",
      "resolved": "https://registry.npmjs.org/@webassemblyjs/wasm-edit/-/wasm-edit-1.11.1.tgz",
      "integrity": "sha512-g+RsupUC1aTHfR8CDgnsVRVZFJqdkFHpsHMfJuWQzWU3tvnLC07UqHICfP+4XyL2tnr1amvl1Sdp06TnYCmVkA==",
      "dev": true,
      "requires": {
        "@webassemblyjs/ast": "1.11.1",
        "@webassemblyjs/helper-buffer": "1.11.1",
        "@webassemblyjs/helper-wasm-bytecode": "1.11.1",
        "@webassemblyjs/helper-wasm-section": "1.11.1",
        "@webassemblyjs/wasm-gen": "1.11.1",
        "@webassemblyjs/wasm-opt": "1.11.1",
        "@webassemblyjs/wasm-parser": "1.11.1",
        "@webassemblyjs/wast-printer": "1.11.1"
      }
    },
    "@webassemblyjs/wasm-gen": {
      "version": "1.11.1",
      "resolved": "https://registry.npmjs.org/@webassemblyjs/wasm-gen/-/wasm-gen-1.11.1.tgz",
      "integrity": "sha512-F7QqKXwwNlMmsulj6+O7r4mmtAlCWfO/0HdgOxSklZfQcDu0TpLiD1mRt/zF25Bk59FIjEuGAIyn5ei4yMfLhA==",
      "dev": true,
      "requires": {
        "@webassemblyjs/ast": "1.11.1",
        "@webassemblyjs/helper-wasm-bytecode": "1.11.1",
        "@webassemblyjs/ieee754": "1.11.1",
        "@webassemblyjs/leb128": "1.11.1",
        "@webassemblyjs/utf8": "1.11.1"
      }
    },
    "@webassemblyjs/wasm-opt": {
      "version": "1.11.1",
      "resolved": "https://registry.npmjs.org/@webassemblyjs/wasm-opt/-/wasm-opt-1.11.1.tgz",
      "integrity": "sha512-VqnkNqnZlU5EB64pp1l7hdm3hmQw7Vgqa0KF/KCNO9sIpI6Fk6brDEiX+iCOYrvMuBWDws0NkTOxYEb85XQHHw==",
      "dev": true,
      "requires": {
        "@webassemblyjs/ast": "1.11.1",
        "@webassemblyjs/helper-buffer": "1.11.1",
        "@webassemblyjs/wasm-gen": "1.11.1",
        "@webassemblyjs/wasm-parser": "1.11.1"
      }
    },
    "@webassemblyjs/wasm-parser": {
      "version": "1.11.1",
      "resolved": "https://registry.npmjs.org/@webassemblyjs/wasm-parser/-/wasm-parser-1.11.1.tgz",
      "integrity": "sha512-rrBujw+dJu32gYB7/Lup6UhdkPx9S9SnobZzRVL7VcBH9Bt9bCBLEuX/YXOOtBsOZ4NQrRykKhffRWHvigQvOA==",
      "dev": true,
      "requires": {
        "@webassemblyjs/ast": "1.11.1",
        "@webassemblyjs/helper-api-error": "1.11.1",
        "@webassemblyjs/helper-wasm-bytecode": "1.11.1",
        "@webassemblyjs/ieee754": "1.11.1",
        "@webassemblyjs/leb128": "1.11.1",
        "@webassemblyjs/utf8": "1.11.1"
      }
    },
    "@webassemblyjs/wast-printer": {
      "version": "1.11.1",
      "resolved": "https://registry.npmjs.org/@webassemblyjs/wast-printer/-/wast-printer-1.11.1.tgz",
      "integrity": "sha512-IQboUWM4eKzWW+N/jij2sRatKMh99QEelo3Eb2q0qXkvPRISAj8Qxtmw5itwqK+TTkBuUIE45AxYPToqPtL5gg==",
      "dev": true,
      "requires": {
        "@webassemblyjs/ast": "1.11.1",
        "@xtuc/long": "4.2.2"
      }
    },
    "@xtuc/ieee754": {
      "version": "1.2.0",
      "resolved": "https://registry.npmjs.org/@xtuc/ieee754/-/ieee754-1.2.0.tgz",
      "integrity": "sha512-DX8nKgqcGwsc0eJSqYt5lwP4DH5FlHnmuWWBRy7X0NcaGR0ZtuyeESgMwTYVEtxmsNGY+qit4QYT/MIYTOTPeA==",
      "dev": true
    },
    "@xtuc/long": {
      "version": "4.2.2",
      "resolved": "https://registry.npmjs.org/@xtuc/long/-/long-4.2.2.tgz",
      "integrity": "sha512-NuHqBY1PB/D8xU6s/thBgOAiAP7HOYDQ32+BFZILJ8ivkUkAHQnWfn6WhL79Owj1qmUnoN/YPhktdIoucipkAQ==",
      "dev": true
    },
    "abab": {
      "version": "2.0.6",
      "resolved": "https://registry.npmjs.org/abab/-/abab-2.0.6.tgz",
      "integrity": "sha512-j2afSsaIENvHZN2B8GOpF566vZ5WVk5opAiMTvWgaQT8DkbOqsTfvNAvHoRGU2zzP8cPoqys+xHTRDWW8L+/BA==",
      "dev": true
    },
    "acorn": {
      "version": "8.8.1",
      "resolved": "https://registry.npmjs.org/acorn/-/acorn-8.8.1.tgz",
      "integrity": "sha512-7zFpHzhnqYKrkYdUjF1HI1bzd0VygEGX8lFk4k5zVMqHEoES+P+7TKI+EvLO9WVMJ8eekdO0aDEK044xTXwPPA==",
      "dev": true
    },
    "acorn-import-assertions": {
      "version": "1.8.0",
      "resolved": "https://registry.npmjs.org/acorn-import-assertions/-/acorn-import-assertions-1.8.0.tgz",
      "integrity": "sha512-m7VZ3jwz4eK6A4Vtt8Ew1/mNbP24u0FhdyfA7fSvnJR6LMdfOYnmuIrrJAgrYfYJ10F/otaHTtrtrtmHdMNzEw==",
      "dev": true
    },
    "ajv": {
      "version": "6.12.6",
      "resolved": "https://registry.npmjs.org/ajv/-/ajv-6.12.6.tgz",
      "integrity": "sha512-j3fVLgvTo527anyYyJOGTYJbG+vnnQYvE0m5mmkc1TK+nxAppkCLMIL0aZ4dblVCNoGShhm+kzE4ZUykBoMg4g==",
      "dev": true,
      "requires": {
        "fast-deep-equal": "^3.1.1",
        "fast-json-stable-stringify": "^2.0.0",
        "json-schema-traverse": "^0.4.1",
        "uri-js": "^4.2.2"
      }
    },
    "ajv-keywords": {
      "version": "3.5.2",
      "resolved": "https://registry.npmjs.org/ajv-keywords/-/ajv-keywords-3.5.2.tgz",
      "integrity": "sha512-5p6WTN0DdTGVQk6VjcEju19IgaHudalcfabD7yhDGeA6bcQnmL+CpveLJq/3hvfwd1aof6L386Ougkx6RfyMIQ==",
      "dev": true
    },
    "big.js": {
      "version": "5.2.2",
      "resolved": "https://registry.npmjs.org/big.js/-/big.js-5.2.2.tgz",
      "integrity": "sha512-vyL2OymJxmarO8gxMr0mhChsO9QGwhynfuu4+MHTAW6czfq9humCB7rKpUjDd9YUiDPU4mzpyupFSvOClAwbmQ==",
      "dev": true
    },
    "browserslist": {
      "version": "4.21.4",
      "resolved": "https://registry.npmjs.org/browserslist/-/browserslist-4.21.4.tgz",
      "integrity": "sha512-CBHJJdDmgjl3daYjN5Cp5kbTf1mUhZoS+beLklHIvkOWscs83YAhLlF3Wsh/lciQYAcbBJgTOD44VtG31ZM4Hw==",
      "dev": true,
      "requires": {
        "caniuse-lite": "^1.0.30001400",
        "electron-to-chromium": "^1.4.251",
        "node-releases": "^2.0.6",
        "update-browserslist-db": "^1.0.9"
      }
    },
    "buffer-from": {
      "version": "1.1.2",
      "resolved": "https://registry.npmjs.org/buffer-from/-/buffer-from-1.1.2.tgz",
      "integrity": "sha512-E+XQCRwSbaaiChtv6k6Dwgc+bx+Bs6vuKJHHl5kox/BaKbhiXzqQOwK4cO22yElGp2OCmjwVhT3HmxgyPGnJfQ==",
      "dev": true
    },
    "caniuse-lite": {
      "version": "1.0.30001441",
      "resolved": "https://registry.npmjs.org/caniuse-lite/-/caniuse-lite-1.0.30001441.tgz",
      "integrity": "sha512-OyxRR4Vof59I3yGWXws6i908EtGbMzVUi3ganaZQHmydk1iwDhRnvaPG2WaR0KcqrDFKrxVZHULT396LEPhXfg==",
      "dev": true
    },
    "chrome-trace-event": {
      "version": "1.0.3",
      "resolved": "https://registry.npmjs.org/chrome-trace-event/-/chrome-trace-event-1.0.3.tgz",
      "integrity": "sha512-p3KULyQg4S7NIHixdwbGX+nFHkoBiA4YQmyWtjb8XngSKV124nJmRysgAeujbUVb15vh+RvFUfCPqU7rXk+hZg==",
      "dev": true
    },
    "coffee-loader": {
      "version": "0.7.3",
      "resolved": "https://registry.npmjs.org/coffee-loader/-/coffee-loader-0.7.3.tgz",
      "integrity": "sha1-+tvG79b8fsyIxbMEaiwpIGa8tUo=",
      "dev": true,
      "requires": {
        "loader-utils": "^1.0.2"
      },
      "dependencies": {
        "big.js": {
          "version": "3.2.0",
          "resolved": "https://registry.npmjs.org/big.js/-/big.js-3.2.0.tgz",
          "integrity": "sha512-+hN/Zh2D08Mx65pZ/4g5bsmNiZUuChDiQfTUQ7qJr4/kuopCr88xZsAXv6mBoZEsUI4OuGHlX59qE94K2mMW8Q=="
        },
        "emojis-list": {
          "version": "2.1.0",
          "resolved": "https://registry.npmjs.org/emojis-list/-/emojis-list-2.1.0.tgz",
          "integrity": "sha1-TapNnbAPmBmIDHn6RXrlsJof04k="
        },
        "json5": {
          "version": "0.5.1",
          "resolved": "https://registry.npmjs.org/json5/-/json5-0.5.1.tgz",
          "integrity": "sha1-Hq3nrMASA0rYTiOWdn6tn6VJWCE="
        }
      }
    },
    "coffee-script": {
      "version": "1.12.7",
      "resolved": "https://registry.npmjs.org/coffee-script/-/coffee-script-1.12.7.tgz",
      "integrity": "sha512-fLeEhqwymYat/MpTPUjSKHVYYl0ec2mOyALEMLmzr5i1isuG+6jfI2j2d5oBO3VIzgUXgBVIcOT9uH1TFxBckw==",
      "dev": true
    },
    "commander": {
      "version": "2.20.3",
      "resolved": "https://registry.npmjs.org/commander/-/commander-2.20.3.tgz",
      "integrity": "sha512-GpVkmM8vF2vQUkj2LvZmD35JxeJOLCwJ9cUkugyk2nuhbv3+mJvpLYYt+0+USMxE+oj+ey/lJEnhZw75x/OMcQ==",
      "dev": true
    },
    "cubemap-sh": {
      "version": "0.2.1",
      "resolved": "https://registry.npmjs.org/cubemap-sh/-/cubemap-sh-0.2.1.tgz",
      "integrity": "sha1-MISvovVssB+B3AZucOqSh1BO75Q=",
      "dev": true,
      "requires": {
        "gl-vec3": "^1.0.3"
      }
    },
    "debug": {
      "version": "2.6.9",
      "resolved": "https://registry.npmjs.org/debug/-/debug-2.6.9.tgz",
      "integrity": "sha512-bC7ElrdJaJnPbAP+1EotYvqZsb3ecl5wi6Bfi6BJTUcNowp6cvspg0jXznRTKDjm/E7AdgFBVeAPVMNcKGsHMA==",
      "dev": true,
      "requires": {
        "ms": "2.0.0"
      }
    },
    "debug-fn": {
      "version": "1.0.3",
      "resolved": "https://registry.npmjs.org/debug-fn/-/debug-fn-1.0.3.tgz",
      "integrity": "sha1-AT6pX401CluiH09KNMY+jEca6Zg=",
      "dev": true,
      "requires": {
        "debug": "^2.2.0"
      }
    },
    "electron-to-chromium": {
      "version": "1.4.284",
      "resolved": "https://registry.npmjs.org/electron-to-chromium/-/electron-to-chromium-1.4.284.tgz",
      "integrity": "sha512-M8WEXFuKXMYMVr45fo8mq0wUrrJHheiKZf6BArTKk9ZBYCKJEOU5H8cdWgDT+qCVZf7Na4lVUaZsA+h6uA9+PA==",
      "dev": true
    },
    "emojis-list": {
      "version": "3.0.0",
      "resolved": "https://registry.npmjs.org/emojis-list/-/emojis-list-3.0.0.tgz",
      "integrity": "sha512-/kyM18EfinwXZbno9FyUGeFh87KC8HRQBQGildHZbEuRyWFOmv1U10o9BBp8XVZDVNNuQKyIGIu5ZYAAXJ0V2Q==",
      "dev": true
    },
    "enhanced-resolve": {
      "version": "5.12.0",
      "resolved": "https://registry.npmjs.org/enhanced-resolve/-/enhanced-resolve-5.12.0.tgz",
      "integrity": "sha512-QHTXI/sZQmko1cbDoNAa3mJ5qhWUUNAq3vR0/YiD379fWQrcfuoX1+HW2S0MTt7XmoPLapdaDKUtelUSPic7hQ==",
      "dev": true,
      "requires": {
        "graceful-fs": "^4.2.4",
        "tapable": "^2.2.0"
      },
      "dependencies": {
        "graceful-fs": {
          "version": "4.2.10",
          "resolved": "https://registry.npmjs.org/graceful-fs/-/graceful-fs-4.2.10.tgz",
          "integrity": "sha512-9ByhssR2fPVsNZj478qUUbKfmL0+t5BDVyjShtyZZLiK7ZDAArFFfopyOTj0M05wE2tJPisA4iTnnXl2YoPvOA==",
          "dev": true
        }
      }
    },
    "es-module-lexer": {
      "version": "0.9.3",
      "resolved": "https://registry.npmjs.org/es-module-lexer/-/es-module-lexer-0.9.3.tgz",
      "integrity": "sha512-1HQ2M2sPtxwnvOvT1ZClHyQDiggdNjURWpY2we6aMKCQiUVxTmVs2UYPLIrD84sS+kMdUwfBSylbJPwNnBrnHQ==",
      "dev": true
    },
    "escalade": {
      "version": "3.1.1",
      "resolved": "https://registry.npmjs.org/escalade/-/escalade-3.1.1.tgz",
      "integrity": "sha512-k0er2gUkLf8O0zKJiAhmkTnJlTvINGv7ygDNPbeIsX/TJjGJZHuh9B2UxbsaEkmlEo9MfhrSzmhIlhRlI2GXnw==",
      "dev": true
    },
    "eslint-scope": {
      "version": "5.1.1",
      "resolved": "https://registry.npmjs.org/eslint-scope/-/eslint-scope-5.1.1.tgz",
      "integrity": "sha512-2NxwbF/hZ0KpepYN0cNbo+FN6XoK7GaHlQhgx/hIZl6Va0bF45RQOOwhLIy8lQDbuCiadSLCBnH2CFYquit5bw==",
      "dev": true,
      "requires": {
        "esrecurse": "^4.3.0",
        "estraverse": "^4.1.1"
      }
    },
    "esrecurse": {
      "version": "4.3.0",
      "resolved": "https://registry.npmjs.org/esrecurse/-/esrecurse-4.3.0.tgz",
      "integrity": "sha512-KmfKL3b6G+RXvP8N1vr3Tq1kL/oCFgn2NYXEtqP8/L3pKapUA4G8cFVaoF3SU323CD4XypR/ffioHmkti6/Tag==",
      "dev": true,
      "requires": {
        "estraverse": "^5.2.0"
      },
      "dependencies": {
        "estraverse": {
          "version": "5.3.0",
          "resolved": "https://registry.npmjs.org/estraverse/-/estraverse-5.3.0.tgz",
          "integrity": "sha512-MMdARuVEQziNTeJD8DgMqmhwR11BRQ/cBP+pLtYdSTnf3MIO8fFeiINEbX36ZdNlfU/7A9f3gUw49B3oQsvwBA==",
          "dev": true
        }
      }
    },
    "estraverse": {
      "version": "4.3.0",
      "resolved": "https://registry.npmjs.org/estraverse/-/estraverse-4.3.0.tgz",
      "integrity": "sha512-39nnKffWz8xN1BU/2c79n9nB9HDzo0niYUqx6xyqUnyoAnQyyWpOTdZEeiCch8BBu515t4wp9ZmgVfVhn9EBpw==",
      "dev": true
    },
    "events": {
      "version": "3.3.0",
      "resolved": "https://registry.npmjs.org/events/-/events-3.3.0.tgz",
      "integrity": "sha512-mQw+2fkQbALzQ7V0MY0IqdnXNOeTtP4r0lN9z7AAawCXgqea7bDii20AYrIBrFd/Hx0M2Ocz6S111CaFkUcb0Q==",
      "dev": true
    },
    "fast-deep-equal": {
      "version": "3.1.3",
      "resolved": "https://registry.npmjs.org/fast-deep-equal/-/fast-deep-equal-3.1.3.tgz",
      "integrity": "sha512-f3qQ9oQy9j2AhBe/H9VC91wLmKBCCU/gDOnKNAYG5hswO7BLKj09Hc5HYNz9cGI++xlpDCIgDaitVs03ATR84Q==",
      "dev": true
    },
    "fast-json-stable-stringify": {
      "version": "2.1.0",
      "resolved": "https://registry.npmjs.org/fast-json-stable-stringify/-/fast-json-stable-stringify-2.1.0.tgz",
      "integrity": "sha512-lhd/wF+Lk98HZoTCtlVraHtfh5XYijIjalXck7saUtuanSDyLMxnHhSXEDJqHxD7msR8D0uCmqlkwjCV8xvwHw==",
      "dev": true
    },
    "file-loader": {
      "version": "6.2.0",
      "resolved": "https://registry.npmjs.org/file-loader/-/file-loader-6.2.0.tgz",
      "integrity": "sha512-qo3glqyTa61Ytg4u73GultjHGjdRyig3tG6lPtyX/jOEJvHif9uB0/OCI2Kif6ctF3caQTW2G5gym21oAsI4pw==",
      "dev": true,
      "requires": {
        "loader-utils": "^2.0.0",
        "schema-utils": "^3.0.0"
      },
      "dependencies": {
        "loader-utils": {
          "version": "2.0.4",
          "resolved": "https://registry.npmjs.org/loader-utils/-/loader-utils-2.0.4.tgz",
          "integrity": "sha512-xXqpXoINfFhgua9xiqD8fPFHgkoq1mmmpE92WlDbm9rNRd/EbRb+Gqf908T2DMfuHjjJlksiK2RbHVOdD/MqSw==",
          "dev": true,
          "requires": {
            "big.js": "^5.2.2",
            "emojis-list": "^3.0.0",
            "json5": "^2.1.2"
          }
        }
      }
    },
    "fs-extra": {
      "version": "4.0.3",
      "resolved": "https://registry.npmjs.org/fs-extra/-/fs-extra-4.0.3.tgz",
      "integrity": "sha512-q6rbdDd1o2mAnQreO7YADIxf/Whx4AHBiRf6d+/cVT8h44ss+lHgxf1FemcqDnQt9X3ct4McHr+JMGlYSsK7Cg==",
      "dev": true,
      "requires": {
        "graceful-fs": "^4.1.2",
        "jsonfile": "^4.0.0",
        "universalify": "^0.1.0"
      }
    },
    "get-plane-normal": {
      "version": "1.0.0",
      "resolved": "https://registry.npmjs.org/get-plane-normal/-/get-plane-normal-1.0.0.tgz",
      "integrity": "sha1-sZkwvy9eyxBSGNKRqYFDCey9yFM=",
      "dev": true,
      "requires": {
        "gl-vec3": "^1.0.3"
      }
    },
    "gl-vec3": {
      "version": "1.0.3",
      "resolved": "https://registry.npmjs.org/gl-vec3/-/gl-vec3-1.0.3.tgz",
      "integrity": "sha1-EQ/Yl9Byn2OYMHOBVn0JRJQb8is=",
      "dev": true
    },
    "glob-to-regexp": {
      "version": "0.4.1",
      "resolved": "https://registry.npmjs.org/glob-to-regexp/-/glob-to-regexp-0.4.1.tgz",
      "integrity": "sha512-lkX1HJXwyMcprw/5YUZc2s7DrpAiHB21/V+E1rHUrVNokkvB6bqMzT0VfV6/86ZNabt1k14YOIaT7nDvOX3Iiw==",
      "dev": true
    },
    "graceful-fs": {
      "version": "4.1.11",
      "resolved": "https://registry.npmjs.org/graceful-fs/-/graceful-fs-4.1.11.tgz",
      "integrity": "sha1-Dovf5NHduIVNZOBOp8AOKgJuVlg=",
      "dev": true
    },
    "has-flag": {
      "version": "4.0.0",
      "resolved": "https://registry.npmjs.org/has-flag/-/has-flag-4.0.0.tgz",
      "integrity": "sha512-EykJT/Q1KjTWctppgIAgfSO0tKVuZUjhgMr17kqTumMl6Afv3EISleU7qZUzoXDFTAHTDC4NOoG/ZxU3EvlMPQ==",
      "dev": true
    },
    "iconv-lite": {
      "version": "0.6.3",
      "resolved": "https://registry.npmjs.org/iconv-lite/-/iconv-lite-0.6.3.tgz",
      "integrity": "sha512-4fCk79wshMdzMp2rH06qWrJE4iolqLhCUH+OiuIgU++RB0+94NlDL81atO7GX55uUKueo0txHNtvEyI6D7WdMw==",
      "dev": true,
      "requires": {
        "safer-buffer": ">= 2.1.2 < 3.0.0"
      }
    },
    "jest-worker": {
      "version": "27.5.1",
      "resolved": "https://registry.npmjs.org/jest-worker/-/jest-worker-27.5.1.tgz",
      "integrity": "sha512-7vuh85V5cdDofPyxn58nrPjBktZo0u9x1g8WtjQol+jZDaE+fhN+cIvTj11GndBnMnyfrUOG1sZQxCdjKh+DKg==",
      "dev": true,
      "requires": {
        "@types/node": "*",
        "merge-stream": "^2.0.0",
        "supports-color": "^8.0.0"
      }
    },
    "json-loader": {
      "version": "0.5.7",
      "resolved": "https://registry.npmjs.org/json-loader/-/json-loader-0.5.7.tgz",
      "integrity": "sha512-QLPs8Dj7lnf3e3QYS1zkCo+4ZwqOiF9d/nZnYozTISxXWCfNs9yuky5rJw4/W34s7POaNlbZmQGaB5NiXCbP4w==",
      "dev": true
    },
    "json-parse-even-better-errors": {
      "version": "2.3.1",
      "resolved": "https://registry.npmjs.org/json-parse-even-better-errors/-/json-parse-even-better-errors-2.3.1.tgz",
      "integrity": "sha512-xyFwyhro/JEof6Ghe2iz2NcXoj2sloNsWr/XsERDK/oiPCfaNhl5ONfp+jQdAZRQQ0IJWNzH9zIZF7li91kh2w==",
      "dev": true
    },
    "json-schema-traverse": {
      "version": "0.4.1",
      "resolved": "https://registry.npmjs.org/json-schema-traverse/-/json-schema-traverse-0.4.1.tgz",
      "integrity": "sha512-xbbCH5dCYU5T8LcEhhuh7HJ88HXuW3qsI3Y0zOZFKfZEHcpWiHU/Jxzk629Brsab/mMiHQti9wMP+845RPe3Vg==",
      "dev": true
    },
    "json5": {
      "version": "2.2.3",
      "resolved": "https://registry.npmjs.org/json5/-/json5-2.2.3.tgz",
      "integrity": "sha512-XmOWe7eyHYH14cLdVPoyg+GOH3rYX++KpzrylJwSW98t3Nk+U8XOl8FWKOgwtzdb8lXGf6zYwDUzeHMWfxasyg==",
      "dev": true
    },
    "jsonfile": {
      "version": "4.0.0",
      "resolved": "https://registry.npmjs.org/jsonfile/-/jsonfile-4.0.0.tgz",
      "integrity": "sha1-h3Gq4HmbZAdrdmQPygWPnBDjPss=",
      "dev": true,
      "requires": {
        "graceful-fs": "^4.1.6"
      }
    },
    "loader-runner": {
      "version": "4.3.0",
      "resolved": "https://registry.npmjs.org/loader-runner/-/loader-runner-4.3.0.tgz",
      "integrity": "sha512-3R/1M+yS3j5ou80Me59j7F9IMs4PXs3VqRrm0TU3AbKPxlmpoY1TNscJV/oGJXo8qCatFGTfDbY6W6ipGOYXfg==",
      "dev": true
    },
    "loader-utils": {
      "version": "1.4.2",
      "resolved": "https://registry.npmjs.org/loader-utils/-/loader-utils-1.4.2.tgz",
      "integrity": "sha512-I5d00Pd/jwMD2QCduo657+YM/6L3KZu++pmX9VFncxaxvHcru9jx1lBaFft+r4Mt2jK0Yhp41XlRAihzPxHNCg==",
      "dev": true,
      "requires": {
        "big.js": "^5.2.2",
        "emojis-list": "^3.0.0",
        "json5": "^1.0.1"
      },
      "dependencies": {
        "json5": {
          "version": "1.0.2",
          "resolved": "https://registry.npmjs.org/json5/-/json5-1.0.2.tgz",
          "integrity": "sha512-g1MWMLBiz8FKi1e4w0UyVL3w+iJceWAFBAaBnnGKOpNa5f8TLktkbre1+s6oICydWAm+HRUGTmI+//xv2hvXYA==",
          "dev": true,
          "requires": {
            "minimist": "^1.2.0"
          }
        }
      }
    },
    "merge-stream": {
      "version": "2.0.0",
      "resolved": "https://registry.npmjs.org/merge-stream/-/merge-stream-2.0.0.tgz",
      "integrity": "sha512-abv/qOcuPfk3URPfDzmZU1LKmuw8kT+0nIHvKrKgFrwifol/doWcdA4ZqsWQ8ENrFKkd67Mfpo/LovbIUsbt3w==",
      "dev": true
    },
    "mersennetwister": {
      "version": "0.2.3",
      "resolved": "https://registry.npmjs.org/mersennetwister/-/mersennetwister-0.2.3.tgz",
      "integrity": "sha1-JppCyTKPCwfSrPf/NyyXrM/i6Hs=",
      "dev": true
    },
    "mime": {
      "version": "1.3.6",
      "resolved": "https://registry.npmjs.org/mime/-/mime-1.3.6.tgz",
      "integrity": "sha1-WR2E02U6awtKO5343lqoEI5y5eA=",
      "dev": true
    },
    "mime-db": {
      "version": "1.52.0",
      "resolved": "https://registry.npmjs.org/mime-db/-/mime-db-1.52.0.tgz",
      "integrity": "sha512-sPU4uV7dYlvtWJxwwxHD0PuihVNiE7TyAbQ5SWxDCB9mUYvOgroQOwYQQOKPJ8CIbE+1ETVlOoK1UC2nU3gYvg==",
      "dev": true
    },
    "mime-types": {
      "version": "2.1.35",
      "resolved": "https://registry.npmjs.org/mime-types/-/mime-types-2.1.35.tgz",
      "integrity": "sha512-ZDY+bPm5zTTF+YpCrAU9nK0UgICYPT0QtT1NZWFv4s++TNkcgVaT0g6+4R2uI4MjQjzysHB1zxuWL50hzaeXiw==",
      "dev": true,
      "requires": {
        "mime-db": "1.52.0"
      }
    },
    "minimist": {
      "version": "1.2.7",
      "resolved": "https://registry.npmjs.org/minimist/-/minimist-1.2.7.tgz",
      "integrity": "sha512-bzfL1YUZsP41gmu/qjrEk0Q6i2ix/cVeAhbCbqH9u3zYutS1cLg00qhrD0M2MVdCcx4Sc0UpP2eBWo9rotpq6g==",
      "dev": true
    },
    "ms": {
      "version": "2.0.0",
      "resolved": "https://registry.npmjs.org/ms/-/ms-2.0.0.tgz",
      "integrity": "sha1-VgiurfwAvmwpAd9fmGF4jeDVl8g=",
      "dev": true
    },
    "neo-async": {
      "version": "2.6.2",
      "resolved": "https://registry.npmjs.org/neo-async/-/neo-async-2.6.2.tgz",
      "integrity": "sha512-Yd3UES5mWCSqR+qNT93S3UoYUkqAZ9lLg8a7g9rimsWmYGK8cVToA4/sF3RrshdyV3sAGMXVUmpMYOw+dLpOuw==",
      "dev": true
    },
    "node-releases": {
      "version": "2.0.8",
      "resolved": "https://registry.npmjs.org/node-releases/-/node-releases-2.0.8.tgz",
      "integrity": "sha512-dFSmB8fFHEH/s81Xi+Y/15DQY6VHW81nXRj86EMSL3lmuTmK1e+aT4wrFCkTbm+gSwkw4KpX+rT/pMM2c1mF+A==",
      "dev": true
    },
    "parse-dds": {
      "version": "1.2.1",
      "resolved": "https://registry.npmjs.org/parse-dds/-/parse-dds-1.2.1.tgz",
      "integrity": "sha1-sWUz4AxNuRF4s0YCcTYd9MsygWQ=",
      "dev": true
    },
    "picocolors": {
      "version": "1.0.0",
      "resolved": "https://registry.npmjs.org/picocolors/-/picocolors-1.0.0.tgz",
      "integrity": "sha512-1fygroTLlHu66zi26VoTDv8yRgm0Fccecssto+MhsZ0D/DGW2sm8E8AjW7NU5VVTRt5GxbeZ5qBuJr+HyLYkjQ==",
      "dev": true
    },
    "point-line-distance": {
      "version": "1.0.0",
      "resolved": "https://registry.npmjs.org/point-line-distance/-/point-line-distance-1.0.0.tgz",
      "integrity": "sha1-XyJRXzH9HRf5p9pcz4GSiivzZ9E=",
      "dev": true,
      "requires": {
        "gl-vec3": "^1.0.3"
      }
    },
    "punycode": {
      "version": "2.1.1",
      "resolved": "https://registry.npmjs.org/punycode/-/punycode-2.1.1.tgz",
      "integrity": "sha512-XRsRjdf+j5ml+y/6GKHPZbrF/8p2Yga0JPtdqTIY2Xe5ohJPD9saDJJLPvp9+NSBprVvevdXZybnj2cv8OEd0A==",
      "dev": true
    },
    "quickhull3d": {
      "version": "2.0.1",
      "resolved": "https://registry.npmjs.org/quickhull3d/-/quickhull3d-2.0.1.tgz",
      "integrity": "sha512-oRYyLk9+zxpa77tL0HRlYVaEQskEu3li6XVSLSObWQTj6fw0GqRxPml7DqOuOnbJNFyFle71hw6cf8jVhgabcg==",
      "dev": true,
      "requires": {
        "debug-fn": "^1.0.1",
        "get-plane-normal": "^1.0.0",
        "gl-vec3": "^1.0.3",
        "point-line-distance": "^1.0.0"
      }
    },
    "randombytes": {
      "version": "2.1.0",
      "resolved": "https://registry.npmjs.org/randombytes/-/randombytes-2.1.0.tgz",
      "integrity": "sha512-vYl3iOX+4CKUWuxGi9Ukhie6fsqXqS9FE2Zaic4tNFD2N2QQaXOMFbuKK4QmDHC0JO6B1Zp41J0LpT0oR68amQ==",
      "dev": true,
      "requires": {
        "safe-buffer": "^5.1.0"
      }
    },
    "raw-loader": {
      "version": "0.5.1",
      "resolved": "https://registry.npmjs.org/raw-loader/-/raw-loader-0.5.1.tgz",
      "integrity": "sha1-DD0L6u2KAclm2Xh793goElKpeao=",
      "dev": true
    },
    "safe-buffer": {
      "version": "5.2.1",
      "resolved": "https://registry.npmjs.org/safe-buffer/-/safe-buffer-5.2.1.tgz",
      "integrity": "sha512-rp3So07KcdmmKbGvgaNxQSJr7bGVSVk5S9Eq1F+ppbRo70+YeaDxkw5Dd8NPN+GD6bjnYm2VuPuCXmpuYvmCXQ==",
      "dev": true
    },
    "safer-buffer": {
      "version": "2.1.2",
      "resolved": "https://registry.npmjs.org/safer-buffer/-/safer-buffer-2.1.2.tgz",
      "integrity": "sha512-YZo3K82SD7Riyi0E1EQPojLz7kpepnSQI9IyPbHHg1XXXevb5dJI7tpyN2ADxGcQbHG7vcyRHk0cbwqcQriUtg==",
      "dev": true
    },
    "schema-utils": {
      "version": "3.1.1",
      "resolved": "https://registry.npmjs.org/schema-utils/-/schema-utils-3.1.1.tgz",
      "integrity": "sha512-Y5PQxS4ITlC+EahLuXaY86TXfR7Dc5lw294alXOq86JAHCihAIZfqv8nNCWvaEJvaC51uN9hbLGeV0cFBdH+Fw==",
      "dev": true,
      "requires": {
        "@types/json-schema": "^7.0.8",
        "ajv": "^6.12.5",
        "ajv-keywords": "^3.5.2"
      }
    },
    "serialize-javascript": {
      "version": "6.0.0",
      "resolved": "https://registry.npmjs.org/serialize-javascript/-/serialize-javascript-6.0.0.tgz",
      "integrity": "sha512-Qr3TosvguFt8ePWqsvRfrKyQXIiW+nGbYpy8XK24NQHE83caxWt+mIymTT19DGFbNWNLfEwsrkSmN64lVWB9ag==",
      "dev": true,
      "requires": {
        "randombytes": "^2.1.0"
      }
    },
    "source-map": {
      "version": "0.6.1",
      "resolved": "https://registry.npmjs.org/source-map/-/source-map-0.6.1.tgz",
      "integrity": "sha512-UjgapumWlbMhkBgzT7Ykc5YXUT46F0iKu8SGXq0bcwP5dz/h0Plj6enJqjz1Zbq2l5WaqYnrVbwWOWMyF3F47g==",
      "dev": true
    },
    "source-map-js": {
      "version": "1.0.2",
      "resolved": "https://registry.npmjs.org/source-map-js/-/source-map-js-1.0.2.tgz",
      "integrity": "sha512-R0XvVJ9WusLiqTCEiGCmICCMplcCkIwwR11mOSD9CR5u+IXYdiseeEuXCVAjS54zqwkLcPNnmU4OeJ6tUrWhDw==",
      "dev": true
    },
    "source-map-loader": {
      "version": "4.0.1",
      "resolved": "https://registry.npmjs.org/source-map-loader/-/source-map-loader-4.0.1.tgz",
      "integrity": "sha512-oqXpzDIByKONVY8g1NUPOTQhe0UTU5bWUl32GSkqK2LjJj0HmwTMVKxcUip0RgAYhY1mqgOxjbQM48a0mmeNfA==",
      "dev": true,
      "requires": {
        "abab": "^2.0.6",
        "iconv-lite": "^0.6.3",
        "source-map-js": "^1.0.2"
      }
    },
    "source-map-support": {
      "version": "0.5.21",
      "resolved": "https://registry.npmjs.org/source-map-support/-/source-map-support-0.5.21.tgz",
      "integrity": "sha512-uBHU3L3czsIyYXKX88fdrGovxdSCoTGDRZ6SYXtSRxLZUzHg5P/66Ht6uoUlHu9EZod+inXhKo3qQgwXUT/y1w==",
      "dev": true,
      "requires": {
        "buffer-from": "^1.0.0",
        "source-map": "^0.6.0"
      }
    },
    "spur-events": {
      "version": "0.1.8",
      "resolved": "https://registry.npmjs.org/spur-events/-/spur-events-0.1.8.tgz",
      "integrity": "sha1-WUSiiohgZUsUgZCl/dL5JS8/M+Y=",
      "dev": true,
      "requires": {
        "spur-id": "^0.1.0"
      }
    },
    "spur-id": {
      "version": "0.1.0",
      "resolved": "https://registry.npmjs.org/spur-id/-/spur-id-0.1.0.tgz",
      "integrity": "sha1-84wkO4tlrOEAYJg2Fo2USd4n4gc=",
      "dev": true
    },
    "supports-color": {
      "version": "8.1.1",
      "resolved": "https://registry.npmjs.org/supports-color/-/supports-color-8.1.1.tgz",
      "integrity": "sha512-MpUEN2OodtUzxvKQl72cUF7RQ5EiHsGvSsVG0ia9c5RbWGL2CI4C7EpPS8UTBIplnlzZiNuV56w+FuNxy3ty2Q==",
      "dev": true,
      "requires": {
        "has-flag": "^4.0.0"
      }
    },
    "tapable": {
      "version": "2.2.1",
      "resolved": "https://registry.npmjs.org/tapable/-/tapable-2.2.1.tgz",
      "integrity": "sha512-GNzQvQTOIP6RyTfE2Qxb8ZVlNmw0n88vp1szwWRimP02mnTsx3Wtn5qRdqY9w2XduFNUgvOwhNnQsjwCp+kqaQ==",
      "dev": true
    },
    "terser": {
      "version": "5.16.1",
      "resolved": "https://registry.npmjs.org/terser/-/terser-5.16.1.tgz",
      "integrity": "sha512-xvQfyfA1ayT0qdK47zskQgRZeWLoOQ8JQ6mIgRGVNwZKdQMU+5FkCBjmv4QjcrTzyZquRw2FVtlJSRUmMKQslw==",
      "dev": true,
      "requires": {
        "@jridgewell/source-map": "^0.3.2",
        "acorn": "^8.5.0",
        "commander": "^2.20.0",
        "source-map-support": "~0.5.20"
      }
    },
    "terser-webpack-plugin": {
      "version": "5.3.6",
      "resolved": "https://registry.npmjs.org/terser-webpack-plugin/-/terser-webpack-plugin-5.3.6.tgz",
      "integrity": "sha512-kfLFk+PoLUQIbLmB1+PZDMRSZS99Mp+/MHqDNmMA6tOItzRt+Npe3E+fsMs5mfcM0wCtrrdU387UnV+vnSffXQ==",
      "dev": true,
      "requires": {
        "@jridgewell/trace-mapping": "^0.3.14",
        "jest-worker": "^27.4.5",
        "schema-utils": "^3.1.1",
        "serialize-javascript": "^6.0.0",
        "terser": "^5.14.1"
      }
    },
    "timsort": {
      "version": "0.2.1",
      "resolved": "https://registry.npmjs.org/timsort/-/timsort-0.2.1.tgz",
      "integrity": "sha1-U9mNefX0Wx+sDk7oE0s8eZ+uwNY=",
      "dev": true
    },
    "universalify": {
      "version": "0.1.2",
      "resolved": "https://registry.npmjs.org/universalify/-/universalify-0.1.2.tgz",
      "integrity": "sha512-rBJeI5CXAlmy1pV+617WB9J63U6XcazHHF2f2dbJix4XzpUF0RS3Zbj0FGIOCAva5P/d/GBOYaACQ1w+0azUkg==",
      "dev": true
    },
    "update-browserslist-db": {
      "version": "1.0.10",
      "resolved": "https://registry.npmjs.org/update-browserslist-db/-/update-browserslist-db-1.0.10.tgz",
      "integrity": "sha512-OztqDenkfFkbSG+tRxBeAnCVPckDBcvibKd35yDONx6OU8N7sqgwc7rCbkJ/WcYtVRZ4ba68d6byhC21GFh7sQ==",
      "dev": true,
      "requires": {
        "escalade": "^3.1.1",
        "picocolors": "^1.0.0"
      }
    },
    "uri-js": {
      "version": "4.4.1",
      "resolved": "https://registry.npmjs.org/uri-js/-/uri-js-4.4.1.tgz",
      "integrity": "sha512-7rKUyy33Q1yc98pQ1DAmLtwX109F7TIfWlW1Ydo8Wl1ii1SeHieeh0HHfPeL2fMXK6z0s8ecKs9frCuLJvndBg==",
      "dev": true,
      "requires": {
        "punycode": "^2.1.0"
      }
    },
    "url-loader": {
      "version": "0.5.9",
      "resolved": "https://registry.npmjs.org/url-loader/-/url-loader-0.5.9.tgz",
      "integrity": "sha512-B7QYFyvv+fOBqBVeefsxv6koWWtjmHaMFT6KZWti4KRw8YUD/hOU+3AECvXuzyVawIBx3z7zQRejXCDSO5kk1Q==",
      "dev": true,
      "requires": {
        "loader-utils": "^1.0.2",
        "mime": "1.3.x"
      },
      "dependencies": {
        "big.js": {
          "version": "3.2.0",
          "resolved": "https://registry.npmjs.org/big.js/-/big.js-3.2.0.tgz",
          "integrity": "sha512-+hN/Zh2D08Mx65pZ/4g5bsmNiZUuChDiQfTUQ7qJr4/kuopCr88xZsAXv6mBoZEsUI4OuGHlX59qE94K2mMW8Q=="
        },
        "emojis-list": {
          "version": "2.1.0",
          "resolved": "https://registry.npmjs.org/emojis-list/-/emojis-list-2.1.0.tgz",
          "integrity": "sha1-TapNnbAPmBmIDHn6RXrlsJof04k="
        },
        "json5": {
          "version": "0.5.1",
          "resolved": "https://registry.npmjs.org/json5/-/json5-0.5.1.tgz",
          "integrity": "sha1-Hq3nrMASA0rYTiOWdn6tn6VJWCE="
        }
      }
    },
    "vmath": {
      "version": "1.4.8",
      "resolved": "https://registry.npmjs.org/vmath/-/vmath-1.4.8.tgz",
      "integrity": "sha512-Kswa/EtKY3JtwaQZSiaNfJUr0yRYvSWJIe9/bn3yldZNG3iWtQVYN2l3pZbqnHTJ2CkJsodOCcfEO2iWEjcfIg==",
      "dev": true
    },
    "watchpack": {
      "version": "2.4.0",
      "resolved": "https://registry.npmjs.org/watchpack/-/watchpack-2.4.0.tgz",
      "integrity": "sha512-Lcvm7MGST/4fup+ifyKi2hjyIAwcdI4HRgtvTpIUxBRhB+RFtUh8XtDOxUfctVCnhVi+QQj49i91OyvzkJl6cg==",
      "dev": true,
      "requires": {
        "glob-to-regexp": "^0.4.1",
        "graceful-fs": "^4.1.2"
      }
    },
    "webpack": {
      "version": "5.75.0",
      "resolved": "https://registry.npmjs.org/webpack/-/webpack-5.75.0.tgz",
      "integrity": "sha512-piaIaoVJlqMsPtX/+3KTTO6jfvrSYgauFVdt8cr9LTHKmcq/AMd4mhzsiP7ZF/PGRNPGA8336jldh9l2Kt2ogQ==",
      "dev": true,
      "requires": {
        "@types/eslint-scope": "^3.7.3",
        "@types/estree": "^0.0.51",
        "@webassemblyjs/ast": "1.11.1",
        "@webassemblyjs/wasm-edit": "1.11.1",
        "@webassemblyjs/wasm-parser": "1.11.1",
        "acorn": "^8.7.1",
        "acorn-import-assertions": "^1.7.6",
        "browserslist": "^4.14.5",
        "chrome-trace-event": "^1.0.2",
        "enhanced-resolve": "^5.10.0",
        "es-module-lexer": "^0.9.0",
        "eslint-scope": "5.1.1",
        "events": "^3.2.0",
        "glob-to-regexp": "^0.4.1",
        "graceful-fs": "^4.2.9",
        "json-parse-even-better-errors": "^2.3.1",
        "loader-runner": "^4.2.0",
        "mime-types": "^2.1.27",
        "neo-async": "^2.6.2",
        "schema-utils": "^3.1.0",
        "tapable": "^2.1.1",
        "terser-webpack-plugin": "^5.1.3",
        "watchpack": "^2.4.0",
        "webpack-sources": "^3.2.3"
      },
      "dependencies": {
        "graceful-fs": {
          "version": "4.2.10",
          "resolved": "https://registry.npmjs.org/graceful-fs/-/graceful-fs-4.2.10.tgz",
          "integrity": "sha512-9ByhssR2fPVsNZj478qUUbKfmL0+t5BDVyjShtyZZLiK7ZDAArFFfopyOTj0M05wE2tJPisA4iTnnXl2YoPvOA==",
          "dev": true
        }
      }
    },
    "webpack-sources": {
      "version": "3.2.3",
      "resolved": "https://registry.npmjs.org/webpack-sources/-/webpack-sources-3.2.3.tgz",
      "integrity": "sha512-/DyMEOrDgLKKIG0fmvtz+4dUX/3Ghozwgm6iPp8KRhvn+eQf9+Q7GWxVNMk3+uCPWfdXYC4ExGBckIXdFEfH1w==",
      "dev": true
    },
    "whatwg-fetch": {
      "version": "1.1.1",
      "resolved": "https://registry.npmjs.org/whatwg-fetch/-/whatwg-fetch-1.1.1.tgz",
      "integrity": "sha1-rDydOfMgxtzlM5lp0FTvQ90zMxk=",
      "dev": true
    }
  }
}
